
Microsoft Visual Studio Solution File, Format Version 12.00
# Visual Studio Version 17
VisualStudioVersion = 17.9.34728.123
MinimumVisualStudioVersion = 10.0.40219.1
Project("{8BC9CEB8-8B4A-11D0-8D11-00A0C91BC942}") = "IfcSharp", "IfcSharp\IfcSharp.vcxproj", "{06521F36-00BC-4763-98F7-5915640A4D3A}"
	ProjectSection(ProjectDependencies) = postProject
		{A02141C2-8FFB-4DE2-BED8-2ACE31C3B413} = {A02141C2-8FFB-4DE2-BED8-2ACE31C3B413}
	EndProjectSection
EndProject
Project("{9A19103F-16F7-4668-BE54-9A1E7A4F7556}") = "CppEnumApp", "CppEnumApp\CppEnumApp.csproj", "{48A159CD-A802-4812-8795-FAB17255A497}"
EndProject
Project("{8BC9CEB8-8B4A-11D0-8D11-00A0C91BC942}") = "IfcHelper", "IfcHelper\IfcHelper.vcxproj", "{0B2D2D21-9465-4086-B6FE-FBB070F7438F}"
EndProject
Project("{8BC9CEB8-8B4A-11D0-8D11-00A0C91BC942}") = "IfcTestData", "IfcTestData\IfcTestData.vcxproj", "{A02141C2-8FFB-4DE2-BED8-2ACE31C3B413}"
EndProject
Project("{9A19103F-16F7-4668-BE54-9A1E7A4F7556}") = "IfcSharpLib", "IfcSharpLib\IfcSharpLib.csproj", "{A9831084-7E58-4906-91D9-9572F559C267}"
EndProject
Project("{9A19103F-16F7-4668-BE54-9A1E7A4F7556}") = "IfcSharpLibTest", "IfcSharpLibTest\IfcSharpLibTest.csproj", "{C4AD16B9-D276-4A0C-BE5A-29E1AD83DF95}"
EndProject
Project("{8BC9CEB8-8B4A-11D0-8D11-00A0C91BC942}") = "ifc-reader", "_external\ifc\build\ifc-reader.vcxproj", "{1A8CD0AA-7C31-3B93-AC1E-6B7C187AD30D}"
EndProject
Project("{8BC9CEB8-8B4A-11D0-8D11-00A0C91BC942}") = "ifc-dom", "_external\ifc\build\ifc-dom.vcxproj", "{326A0E0A-DB8E-33F6-B9DA-9D0F0687FA37}"
EndProject
Project("{9A19103F-16F7-4668-BE54-9A1E7A4F7556}") = "IfcBuilderLib", "IfcBuilderLib\IfcBuilderLib.csproj", "{3F39F045-DA93-4BE4-90C1-422533ABCC94}"
EndProject
Project("{FAE04EC0-301F-11D3-BF4B-00C04F79EFBC}") = "IfcSharpLibUnitTests", "IfcSharpLibUnitTests\IfcSharpLibUnitTests.csproj", "{ADA4D1FC-9363-428C-BA42-58E9C22E640A}"
EndProject
Global
	GlobalSection(SolutionConfigurationPlatforms) = preSolution
		Debug|x64 = Debug|x64
		Release|x64 = Release|x64
	EndGlobalSection
	GlobalSection(ProjectConfigurationPlatforms) = postSolution
		{06521F36-00BC-4763-98F7-5915640A4D3A}.Debug|x64.ActiveCfg = Debug|x64
		{06521F36-00BC-4763-98F7-5915640A4D3A}.Debug|x64.Build.0 = Debug|x64
		{06521F36-00BC-4763-98F7-5915640A4D3A}.Release|x64.ActiveCfg = Release|x64
		{06521F36-00BC-4763-98F7-5915640A4D3A}.Release|x64.Build.0 = Release|x64
		{48A159CD-A802-4812-8795-FAB17255A497}.Debug|x64.ActiveCfg = Debug|x64
		{48A159CD-A802-4812-8795-FAB17255A497}.Debug|x64.Build.0 = Debug|x64
		{48A159CD-A802-4812-8795-FAB17255A497}.Release|x64.ActiveCfg = Release|x64
		{48A159CD-A802-4812-8795-FAB17255A497}.Release|x64.Build.0 = Release|x64
		{0B2D2D21-9465-4086-B6FE-FBB070F7438F}.Debug|x64.ActiveCfg = Debug|x64
		{0B2D2D21-9465-4086-B6FE-FBB070F7438F}.Debug|x64.Build.0 = Debug|x64
		{0B2D2D21-9465-4086-B6FE-FBB070F7438F}.Release|x64.ActiveCfg = Release|x64
		{0B2D2D21-9465-4086-B6FE-FBB070F7438F}.Release|x64.Build.0 = Release|x64
		{A02141C2-8FFB-4DE2-BED8-2ACE31C3B413}.Debug|x64.ActiveCfg = Debug|x64
		{A02141C2-8FFB-4DE2-BED8-2ACE31C3B413}.Debug|x64.Build.0 = Debug|x64
		{A02141C2-8FFB-4DE2-BED8-2ACE31C3B413}.Release|x64.ActiveCfg = Release|x64
		{A02141C2-8FFB-4DE2-BED8-2ACE31C3B413}.Release|x64.Build.0 = Release|x64
		{A9831084-7E58-4906-91D9-9572F559C267}.Debug|x64.ActiveCfg = Debug|x64
		{A9831084-7E58-4906-91D9-9572F559C267}.Debug|x64.Build.0 = Debug|x64
		{A9831084-7E58-4906-91D9-9572F559C267}.Release|x64.ActiveCfg = Release|x64
		{A9831084-7E58-4906-91D9-9572F559C267}.Release|x64.Build.0 = Release|x64
		{C4AD16B9-D276-4A0C-BE5A-29E1AD83DF95}.Debug|x64.ActiveCfg = Debug|x64
		{C4AD16B9-D276-4A0C-BE5A-29E1AD83DF95}.Debug|x64.Build.0 = Debug|x64
		{C4AD16B9-D276-4A0C-BE5A-29E1AD83DF95}.Release|x64.ActiveCfg = Release|x64
		{C4AD16B9-D276-4A0C-BE5A-29E1AD83DF95}.Release|x64.Build.0 = Release|x64
		{1A8CD0AA-7C31-3B93-AC1E-6B7C187AD30D}.Debug|x64.ActiveCfg = Debug|x64
		{1A8CD0AA-7C31-3B93-AC1E-6B7C187AD30D}.Debug|x64.Build.0 = Debug|x64
		{1A8CD0AA-7C31-3B93-AC1E-6B7C187AD30D}.Release|x64.ActiveCfg = RelWithDebInfo|x64
		{1A8CD0AA-7C31-3B93-AC1E-6B7C187AD30D}.Release|x64.Build.0 = RelWithDebInfo|x64
		{326A0E0A-DB8E-33F6-B9DA-9D0F0687FA37}.Debug|x64.ActiveCfg = Debug|x64
		{326A0E0A-DB8E-33F6-B9DA-9D0F0687FA37}.Debug|x64.Build.0 = Debug|x64
		{326A0E0A-DB8E-33F6-B9DA-9D0F0687FA37}.Release|x64.ActiveCfg = RelWithDebInfo|x64
		{326A0E0A-DB8E-33F6-B9DA-9D0F0687FA37}.Release|x64.Build.0 = RelWithDebInfo|x64
		{3F39F045-DA93-4BE4-90C1-422533ABCC94}.Debug|x64.ActiveCfg = Debug|x64
		{3F39F045-DA93-4BE4-90C1-422533ABCC94}.Debug|x64.Build.0 = Debug|x64
		{3F39F045-DA93-4BE4-90C1-422533ABCC94}.Release|x64.ActiveCfg = Release|x64
		{3F39F045-DA93-4BE4-90C1-422533ABCC94}.Release|x64.Build.0 = Release|x64
		{ADA4D1FC-9363-428C-BA42-58E9C22E640A}.Debug|x64.ActiveCfg = Debug|x64
		{ADA4D1FC-9363-428C-BA42-58E9C22E640A}.Debug|x64.Build.0 = Debug|x64
		{ADA4D1FC-9363-428C-BA42-58E9C22E640A}.Release|x64.ActiveCfg = Release|x64
		{ADA4D1FC-9363-428C-BA42-58E9C22E640A}.Release|x64.Build.0 = Release|x64
	EndGlobalSection
	GlobalSection(SolutionProperties) = preSolution
		HideSolutionNode = FALSE
	EndGlobalSection
	GlobalSection(ExtensibilityGlobals) = postSolution
		SolutionGuid = {616E2CF4-F898-4788-9B0F-9A9BE71395C7}
	EndGlobalSection
EndGlobal
